{
  "version": 4,
  "terraform_version": "1.0.0",
  "serial": 1,
  "lineage": "3b65228c-ec83-20dd-4a5a-7011c71e838b",
  "outputs": {},
  "resources": [
    {
      "mode": "managed",
      "type": "aws_security_group",
      "name": "sg",
      "provider": "provider[\"registry.terraform.io/hashicorp/aws\"]",
      "instances": [
        {
          "schema_version": 1,
          "attributes": {
            "arn": "arn:aws:ec2:us-east-1:024848454059:security-group/sg-0fe3edd49548d5354",
            "description": "Security Group for all traffic",
            "egress": [
              {
                "cidr_blocks": [
                  "0.0.0.0/0"
                ],
                "description": "Allow all outbound traffic",
                "from_port": 0,
                "ipv6_cidr_blocks": [],
                "prefix_list_ids": [],
                "protocol": "-1",
                "security_groups": [],
                "self": false,
                "to_port": 0
              }
            ],
            "id": "sg-0fe3edd49548d5354",
            "ingress": [
              {
                "cidr_blocks": [
                  "0.0.0.0/0"
                ],
                "description": "Allow SSH from allowed CIDR",
                "from_port": 22,
                "ipv6_cidr_blocks": [],
                "prefix_list_ids": [],
                "protocol": "tcp",
                "security_groups": [],
                "self": false,
                "to_port": 22
              },
              {
                "cidr_blocks": [
                  "0.0.0.0/0"
                ],
                "description": "Allow https from allowed CIDR",
                "from_port": 443,
                "ipv6_cidr_blocks": [],
                "prefix_list_ids": [],
                "protocol": "tcp",
                "security_groups": [],
                "self": false,
                "to_port": 443
              },
              {
                "cidr_blocks": [
                  "0.0.0.0/0"
                ],
                "description": "Allow jenkins from allowed CIDR",
                "from_port": 8080,
                "ipv6_cidr_blocks": [],
                "prefix_list_ids": [],
                "protocol": "tcp",
                "security_groups": [],
                "self": false,
                "to_port": 8080
              }
            ],
            "name": "terraform-20241213092151122000000001",
            "name_prefix": "terraform-",
            "owner_id": "024848454059",
            "revoke_rules_on_delete": false,
            "tags": {
              "Name": "2024-dev-my-project-sg_name",
              "cloud_provider": "aws",
              "create_by": "Terraform",
              "environment": "dev",
              "id": "2024",
              "owner": "s7koffimensah",
              "project": "my-project"
            },
            "tags_all": {
              "Name": "2024-dev-my-project-sg_name",
              "cloud_provider": "aws",
              "create_by": "Terraform",
              "environment": "dev",
              "id": "2024",
              "owner": "s7koffimensah",
              "project": "my-project"
            },
            "timeouts": null,
            "vpc_id": "vpc-05c4ec68dc86a1e2f"
          },
          "sensitive_attributes": [],
          "private": "eyJlMmJmYjczMC1lY2FhLTExZTYtOGY4OC0zNDM2M2JjN2M0YzAiOnsiY3JlYXRlIjo2MDAwMDAwMDAwMDAsImRlbGV0ZSI6OTAwMDAwMDAwMDAwfSwic2NoZW1hX3ZlcnNpb24iOiIxIn0="
        }
      ]
    }
  ]
}
